
Microsoft Visual Studio Solution File, Format Version 12.00
# Visual Studio 15
VisualStudioVersion = 15.0.27428.2002
MinimumVisualStudioVersion = 10.0.40219.1
Project("{FAE04EC0-301F-11D3-BF4B-00C04F79EFBC}") = "GatewayTemplateOcelot.API", "GatewayTemplateOcelot.API\GatewayTemplateOcelot.API.csproj", "{3AC65544-7EFB-4E1E-A6C7-E054980E3F79}"
EndProject
Global
	GlobalSection(SolutionConfigurationPlatforms) = preSolution
		Debug|Any CPU = Debug|Any CPU
		Release|Any CPU = Release|Any CPU
	EndGlobalSection
	GlobalSection(ProjectConfigurationPlatforms) = postSolution
		{3AC65544-7EFB-4E1E-A6C7-E054980E3F79}.Debug|Any CPU.ActiveCfg = Debug|Any CPU
		{3AC65544-7EFB-4E1E-A6C7-E054980E3F79}.Debug|Any CPU.Build.0 = Debug|Any CPU
		{3AC65544-7EFB-4E1E-A6C7-E054980E3F79}.Release|Any CPU.ActiveCfg = Release|Any CPU
		{3AC65544-7EFB-4E1E-A6C7-E054980E3F79}.Release|Any CPU.Build.0 = Release|Any CPU
	EndGlobalSection
	GlobalSection(SolutionProperties) = preSolution
		HideSolutionNode = FALSE
	EndGlobalSection
	GlobalSection(ExtensibilityGlobals) = postSolution
		SolutionGuid = {EF9FE382-B305-4A09-9A45-98CB98E2D78C}
	EndGlobalSection
EndGlobal
